{
  "name": "clustering",
  "lockfileVersion": 3,
  "requires": true,
  "packages": {
    "": {
      "dependencies": {
        "pacey": "^1.0.0"
      }
    },
    "node_modules/pacey": {
      "version": "1.0.0",
      "resolved": "https://registry.npmjs.org/pacey/-/pacey-1.0.0.tgz",
      "integrity": "sha512-5dCSVfwPQjqidkkGpLZwVBsGuGEe2cv5lnPClUaOX2/h/Bb4PgAVACgcXQPb6q17wp+udSJQv6ezc/5BvdWKaQ=="
    }
  }
}
